{
  "version": 1,
  "dependencies": {
    "native,Version=v0.0": {
      "Microsoft.Windows.ImplementationLibrary": {
        "type": "Direct",
        "requested": "[1.0.230202.1, 1.0.230202.1]",
        "resolved": "1.0.230202.1",
        "contentHash": "BzSD+iMB+u7oop5tIk4J59W09qs1KgHkCcQzfYgv1Txo/bF9UBtyG9Qnmv0zGoAXE/citSphJ3CbcEguyj5pLQ=="
      },
      "Microsoft.UI.Xaml": {
        "type": "Direct",
        "requested": "[2.8.0, 2.8.0]",
        "resolved": "2.8.0",
        "contentHash": "vxdHxTr63s5KVtNddMFpgvjBjUH50z7seq/5jLWmmSuf8poxg+sXrywkofUdE8ZstbpO9y3FL/IXXUcPYbeesA=="
      }
    }
  }
}