{
  "version": 1,
  "dependencies": {
    "native,Version=v0.0": {
      "Microsoft.Windows.ImplementationLibrary": {
        "type": "Direct",
        "requested": "[1.0.230202.1, 1.0.230202.1]",
        "resolved": "1.0.230202.1",
        "contentHash": "BzSD+iMB+u7oop5tIk4J59W09qs1KgHkCcQzfYgv1Txo/bF9UBtyG9Qnmv0zGoAXE/citSphJ3CbcEguyj5pLQ=="
      },
      "Microsoft.WindowsAppSDK": {
        "type": "Direct",
        "requested": "[1.5.231202003-experimental1, 1.5.231202003-experimental1]",
        "resolved": "1.5.231202003-experimental1",
        "contentHash": "LAwPjWf2OfJx8NRz6bknPu71Tw85nfr/PkVWgl8Hl2T9uLjk+Ajs4ppQd6+27+M6ILaO5rOSbcv+hCtOo+VAYQ=="
      }
    }
  }
}